
Microsoft Visual Studio Solution File, Format Version 12.00
# Visual Studio Version 17
VisualStudioVersion = 17.3.32929.385
MinimumVisualStudioVersion = 10.0.40219.1
Project("{FAE04EC0-301F-11D3-BF4B-00C04F79EFBC}") = "WebApp", "WebApp.csproj", "{F2C8049C-A850-4D8C-B717-66323A0E45A4}"
EndProject
Global
	GlobalSection(SolutionConfigurationPlatforms) = preSolution
		Debug|Any CPU = Debug|Any CPU
		Release|Any CPU = Release|Any CPU
	EndGlobalSection
	GlobalSection(ProjectConfigurationPlatforms) = postSolution
		{F2C8049C-A850-4D8C-B717-66323A0E45A4}.Debug|Any CPU.ActiveCfg = Debug|Any CPU
		{F2C8049C-A850-4D8C-B717-66323A0E45A4}.Debug|Any CPU.Build.0 = Debug|Any CPU
		{F2C8049C-A850-4D8C-B717-66323A0E45A4}.Release|Any CPU.ActiveCfg = Release|Any CPU
		{F2C8049C-A850-4D8C-B717-66323A0E45A4}.Release|Any CPU.Build.0 = Release|Any CPU
	EndGlobalSection
	GlobalSection(SolutionProperties) = preSolution
		HideSolutionNode = FALSE
	EndGlobalSection
	GlobalSection(ExtensibilityGlobals) = postSolution
		SolutionGuid = {F355DD54-3FDF-44D8-B27F-24A18B954073}
	EndGlobalSection
EndGlobal
